
Microsoft Visual Studio Solution File, Format Version 12.00
# Visual Studio Version 17
VisualStudioVersion = 17.6.33723.286
MinimumVisualStudioVersion = 10.0.40219.1
Project("{9A19103F-16F7-4668-BE54-9A1E7A4F7556}") = "GamePlay", "GamePlay\GamePlay.csproj", "{C3EEE82B-897B-40F3-94DF-8FCBF48327B1}"
EndProject
Project("{9A19103F-16F7-4668-BE54-9A1E7A4F7556}") = "Tetris", "..\Tetris\Tetris\Tetris.csproj", "{4E94F747-B80A-40DF-A9CE-9078B93B9E3A}"
EndProject
Global
	GlobalSection(SolutionConfigurationPlatforms) = preSolution
		Debug|Any CPU = Debug|Any CPU
		Release|Any CPU = Release|Any CPU
	EndGlobalSection
	GlobalSection(ProjectConfigurationPlatforms) = postSolution
		{C3EEE82B-897B-40F3-94DF-8FCBF48327B1}.Debug|Any CPU.ActiveCfg = Debug|Any CPU
		{C3EEE82B-897B-40F3-94DF-8FCBF48327B1}.Debug|Any CPU.Build.0 = Debug|Any CPU
		{C3EEE82B-897B-40F3-94DF-8FCBF48327B1}.Release|Any CPU.ActiveCfg = Release|Any CPU
		{C3EEE82B-897B-40F3-94DF-8FCBF48327B1}.Release|Any CPU.Build.0 = Release|Any CPU
		{4E94F747-B80A-40DF-A9CE-9078B93B9E3A}.Debug|Any CPU.ActiveCfg = Debug|Any CPU
		{4E94F747-B80A-40DF-A9CE-9078B93B9E3A}.Debug|Any CPU.Build.0 = Debug|Any CPU
		{4E94F747-B80A-40DF-A9CE-9078B93B9E3A}.Release|Any CPU.ActiveCfg = Release|Any CPU
		{4E94F747-B80A-40DF-A9CE-9078B93B9E3A}.Release|Any CPU.Build.0 = Release|Any CPU
	EndGlobalSection
	GlobalSection(SolutionProperties) = preSolution
		HideSolutionNode = FALSE
	EndGlobalSection
	GlobalSection(ExtensibilityGlobals) = postSolution
		SolutionGuid = {29C62A49-7AAD-47CD-8D21-A178BAC49B55}
	EndGlobalSection
EndGlobal
